
Microsoft Visual Studio Solution File, Format Version 12.00
# Visual Studio Version 17
VisualStudioVersion = 17.12.35527.113
MinimumVisualStudioVersion = 10.0.40219.1
Project("{FAE04EC0-301F-11D3-BF4B-00C04F79EFBC}") = "Backend", "Backend.csproj", "{AF7EF435-B5E1-4773-B700-4FAA27B8AA0B}"
EndProject
Project("{FAE04EC0-301F-11D3-BF4B-00C04F79EFBC}") = "Backend.Tests", "..\Backend.Tests\Backend.Tests.csproj", "{276E0F65-55F9-41EF-BF1D-E5EC5054DC3F}"
EndProject
Global
	GlobalSection(SolutionConfigurationPlatforms) = preSolution
		Debug|Any CPU = Debug|Any CPU
		Debug|x64 = Debug|x64
		Debug|x86 = Debug|x86
		Release|Any CPU = Release|Any CPU
		Release|x64 = Release|x64
		Release|x86 = Release|x86
	EndGlobalSection
	GlobalSection(ProjectConfigurationPlatforms) = postSolution
		{AF7EF435-B5E1-4773-B700-4FAA27B8AA0B}.Debug|Any CPU.ActiveCfg = Debug|Any CPU
		{AF7EF435-B5E1-4773-B700-4FAA27B8AA0B}.Debug|Any CPU.Build.0 = Debug|Any CPU
		{AF7EF435-B5E1-4773-B700-4FAA27B8AA0B}.Debug|x64.ActiveCfg = Debug|Any CPU
		{AF7EF435-B5E1-4773-B700-4FAA27B8AA0B}.Debug|x64.Build.0 = Debug|Any CPU
		{AF7EF435-B5E1-4773-B700-4FAA27B8AA0B}.Debug|x86.ActiveCfg = Debug|Any CPU
		{AF7EF435-B5E1-4773-B700-4FAA27B8AA0B}.Debug|x86.Build.0 = Debug|Any CPU
		{AF7EF435-B5E1-4773-B700-4FAA27B8AA0B}.Release|Any CPU.ActiveCfg = Release|Any CPU
		{AF7EF435-B5E1-4773-B700-4FAA27B8AA0B}.Release|Any CPU.Build.0 = Release|Any CPU
		{AF7EF435-B5E1-4773-B700-4FAA27B8AA0B}.Release|x64.ActiveCfg = Release|Any CPU
		{AF7EF435-B5E1-4773-B700-4FAA27B8AA0B}.Release|x64.Build.0 = Release|Any CPU
		{AF7EF435-B5E1-4773-B700-4FAA27B8AA0B}.Release|x86.ActiveCfg = Release|Any CPU
		{AF7EF435-B5E1-4773-B700-4FAA27B8AA0B}.Release|x86.Build.0 = Release|Any CPU
		{276E0F65-55F9-41EF-BF1D-E5EC5054DC3F}.Debug|Any CPU.ActiveCfg = Debug|Any CPU
		{276E0F65-55F9-41EF-BF1D-E5EC5054DC3F}.Debug|Any CPU.Build.0 = Debug|Any CPU
		{276E0F65-55F9-41EF-BF1D-E5EC5054DC3F}.Debug|x64.ActiveCfg = Debug|Any CPU
		{276E0F65-55F9-41EF-BF1D-E5EC5054DC3F}.Debug|x64.Build.0 = Debug|Any CPU
		{276E0F65-55F9-41EF-BF1D-E5EC5054DC3F}.Debug|x86.ActiveCfg = Debug|Any CPU
		{276E0F65-55F9-41EF-BF1D-E5EC5054DC3F}.Debug|x86.Build.0 = Debug|Any CPU
		{276E0F65-55F9-41EF-BF1D-E5EC5054DC3F}.Release|Any CPU.ActiveCfg = Release|Any CPU
		{276E0F65-55F9-41EF-BF1D-E5EC5054DC3F}.Release|Any CPU.Build.0 = Release|Any CPU
		{276E0F65-55F9-41EF-BF1D-E5EC5054DC3F}.Release|x64.ActiveCfg = Release|Any CPU
		{276E0F65-55F9-41EF-BF1D-E5EC5054DC3F}.Release|x64.Build.0 = Release|Any CPU
		{276E0F65-55F9-41EF-BF1D-E5EC5054DC3F}.Release|x86.ActiveCfg = Release|Any CPU
		{276E0F65-55F9-41EF-BF1D-E5EC5054DC3F}.Release|x86.Build.0 = Release|Any CPU
	EndGlobalSection
	GlobalSection(SolutionProperties) = preSolution
		HideSolutionNode = FALSE
	EndGlobalSection
EndGlobal
